{
  "name": "conbo-viewnavigator",
  "version": "1.0.3",
  "lockfileVersion": 1,
  "requires": true,
  "dependencies": {
    "conbo": {
      "version": "4.3.9",
      "resolved": "https://registry.npmjs.org/conbo/-/conbo-4.3.9.tgz",
      "integrity": "sha512-RfNrvxRw8FRgQ3Y9E+NYo6JU2UR3Z94uBlpV6Q4/Spw8QzSiluVhSRmT6axri+u3x82YWobpr72Zdh5yuu8dsg=="
    }
  }
}
