{
  "name": "conbo-viewnavigator",
  "version": "0.0.2",
  "lockfileVersion": 1,
  "requires": true,
  "dependencies": {
    "conbo": {
      "version": "4.3.3",
      "resolved": "https://registry.npmjs.org/conbo/-/conbo-4.3.3.tgz",
      "integrity": "sha512-8LVlgLtRPnYMEZsF+aP6HqUfR+e42ikrYxh39bIragSW6Yl02ojJqud3i+EGbG2iGdtF6ewnoPuLtV/o+relxA=="
    }
  }
}
