{
  "name": "conbo-viewnavigator",
  "version": "1.1.1",
  "lockfileVersion": 1,
  "requires": true,
  "dependencies": {
    "conbo": {
      "version": "4.3.29",
      "resolved": "https://registry.npmjs.org/conbo/-/conbo-4.3.29.tgz",
      "integrity": "sha512-mD0Q9r1PT1GWefjmR/4pwDQ36SgRISc9QNGeL3pYWD9FqRRhMKyxt62rY+U0I+EHT6nHpp3PDs/xNlCWffAb4Q=="
    }
  }
}
